{
  "name": "aa-alert",
  "version": "1.0.0",
  "lockfileVersion": 3,
  "requires": true,
  "packages": {
    "": {
      "name": "aa-alert",
      "version": "1.0.0",
      "license": "ISC",
      "dependencies": {
        "node-cron": "^4.2.1"
      }
    },
    "node_modules/node-cron": {
      "version": "4.2.1",
      "license": "ISC",
      "engines": {
        "node": ">=6.0.0"
      }
    }
  }
}
